// !$*UTF8*$!
{
	archiveVersion = 1;
	classes = {
	};
	objectVersion = 56;
	objects = {

/* Begin PBXBuildFile section */
		878F47EF29341AE800269F84 /* MiniApp113_SwiftUI_stubmock02App.swift in Sources */ = {isa = PBXBuildFile; fileRef = 878F47EE29341AE800269F84 /* MiniApp113_SwiftUI_stubmock02App.swift */; };
		878F47F129341AE800269F84 /* ArticleView.swift in Sources */ = {isa = PBXBuildFile; fileRef = 878F47F029341AE800269F84 /* ArticleView.swift */; };
		878F47F329341AE900269F84 /* Assets.xcassets in Resources */ = {isa = PBXBuildFile; fileRef = 878F47F229341AE900269F84 /* Assets.xcassets */; };
		878F47F629341AE900269F84 /* Preview Assets.xcassets in Resources */ = {isa = PBXBuildFile; fileRef = 878F47F529341AE900269F84 /* Preview Assets.xcassets */; };
		878F480029341AE900269F84 /* MiniApp113_SwiftUI_stubmock02Tests.swift in Sources */ = {isa = PBXBuildFile; fileRef = 878F47FF29341AE900269F84 /* MiniApp113_SwiftUI_stubmock02Tests.swift */; };
		878F480A29341AE900269F84 /* MiniApp113_SwiftUI_stubmock02UITests.swift in Sources */ = {isa = PBXBuildFile; fileRef = 878F480929341AE900269F84 /* MiniApp113_SwiftUI_stubmock02UITests.swift */; };
		878F480C29341AE900269F84 /* MiniApp113_SwiftUI_stubmock02UITestsLaunchTests.swift in Sources */ = {isa = PBXBuildFile; fileRef = 878F480B29341AE900269F84 /* MiniApp113_SwiftUI_stubmock02UITestsLaunchTests.swift */; };
		878F481C29341CE000269F84 /* APIError.swift in Sources */ = {isa = PBXBuildFile; fileRef = 878F481B29341CE000269F84 /* APIError.swift */; };
		878F481E29341DE300269F84 /* ArticleListAPIClientProtocol.swift in Sources */ = {isa = PBXBuildFile; fileRef = 878F481D29341DE300269F84 /* ArticleListAPIClientProtocol.swift */; };
		878F481F29341DE300269F84 /* ArticleListAPIClientProtocol.swift in Sources */ = {isa = PBXBuildFile; fileRef = 878F481D29341DE300269F84 /* ArticleListAPIClientProtocol.swift */; };
		878F482029341DE300269F84 /* ArticleListAPIClientProtocol.swift in Sources */ = {isa = PBXBuildFile; fileRef = 878F481D29341DE300269F84 /* ArticleListAPIClientProtocol.swift */; };
		878F482229341E9600269F84 /* ArticleListAPIClient.swift in Sources */ = {isa = PBXBuildFile; fileRef = 878F482129341E9600269F84 /* ArticleListAPIClient.swift */; };
		878F482329341E9600269F84 /* ArticleListAPIClient.swift in Sources */ = {isa = PBXBuildFile; fileRef = 878F482129341E9600269F84 /* ArticleListAPIClient.swift */; };
		878F482429341E9600269F84 /* ArticleListAPIClient.swift in Sources */ = {isa = PBXBuildFile; fileRef = 878F482129341E9600269F84 /* ArticleListAPIClient.swift */; };
		878F482629341FEF00269F84 /* ArticleViewModel.swift in Sources */ = {isa = PBXBuildFile; fileRef = 878F482529341FEF00269F84 /* ArticleViewModel.swift */; };
		878F482729341FEF00269F84 /* ArticleViewModel.swift in Sources */ = {isa = PBXBuildFile; fileRef = 878F482529341FEF00269F84 /* ArticleViewModel.swift */; };
		878F482829341FEF00269F84 /* ArticleViewModel.swift in Sources */ = {isa = PBXBuildFile; fileRef = 878F482529341FEF00269F84 /* ArticleViewModel.swift */; };
		878F482A2934284B00269F84 /* MockArticleFetcher.swift in Sources */ = {isa = PBXBuildFile; fileRef = 878F48292934284B00269F84 /* MockArticleFetcher.swift */; };
		878F482B2934284B00269F84 /* MockArticleFetcher.swift in Sources */ = {isa = PBXBuildFile; fileRef = 878F48292934284B00269F84 /* MockArticleFetcher.swift */; };
		878F482C2934284B00269F84 /* MockArticleFetcher.swift in Sources */ = {isa = PBXBuildFile; fileRef = 878F48292934284B00269F84 /* MockArticleFetcher.swift */; };
		878F482D29342F6300269F84 /* ArticleView.swift in Sources */ = {isa = PBXBuildFile; fileRef = 878F47F029341AE800269F84 /* ArticleView.swift */; };
		878F482E29342F6400269F84 /* ArticleView.swift in Sources */ = {isa = PBXBuildFile; fileRef = 878F47F029341AE800269F84 /* ArticleView.swift */; };
		878F482F29342F7100269F84 /* APIError.swift in Sources */ = {isa = PBXBuildFile; fileRef = 878F481B29341CE000269F84 /* APIError.swift */; };
		878F483029342F7100269F84 /* APIError.swift in Sources */ = {isa = PBXBuildFile; fileRef = 878F481B29341CE000269F84 /* APIError.swift */; };
/* End PBXBuildFile section */

/* Begin PBXContainerItemProxy section */
		878F47FC29341AE900269F84 /* PBXContainerItemProxy */ = {
			isa = PBXContainerItemProxy;
			containerPortal = 878F47E329341AE800269F84 /* Project object */;
			proxyType = 1;
			remoteGlobalIDString = 878F47EA29341AE800269F84;
			remoteInfo = "MiniApp113-SwiftUI-stubmock02";
		};
		878F480629341AE900269F84 /* PBXContainerItemProxy */ = {
			isa = PBXContainerItemProxy;
			containerPortal = 878F47E329341AE800269F84 /* Project object */;
			proxyType = 1;
			remoteGlobalIDString = 878F47EA29341AE800269F84;
			remoteInfo = "MiniApp113-SwiftUI-stubmock02";
		};
/* End PBXContainerItemProxy section */

/* Begin PBXFileReference section */
		878F47EB29341AE800269F84 /* MiniApp113-SwiftUI-stubmock02.app */ = {isa = PBXFileReference; explicitFileType = wrapper.application; includeInIndex = 0; path = "MiniApp113-SwiftUI-stubmock02.app"; sourceTree = BUILT_PRODUCTS_DIR; };
		878F47EE29341AE800269F84 /* MiniApp113_SwiftUI_stubmock02App.swift */ = {isa = PBXFileReference; lastKnownFileType = sourcecode.swift; path = MiniApp113_SwiftUI_stubmock02App.swift; sourceTree = "<group>"; };
		878F47F029341AE800269F84 /* ArticleView.swift */ = {isa = PBXFileReference; lastKnownFileType = sourcecode.swift; path = ArticleView.swift; sourceTree = "<group>"; };
		878F47F229341AE900269F84 /* Assets.xcassets */ = {isa = PBXFileReference; lastKnownFileType = folder.assetcatalog; path = Assets.xcassets; sourceTree = "<group>"; };
		878F47F529341AE900269F84 /* Preview Assets.xcassets */ = {isa = PBXFileReference; lastKnownFileType = folder.assetcatalog; path = "Preview Assets.xcassets"; sourceTree = "<group>"; };
		878F47FB29341AE900269F84 /* MiniApp113-SwiftUI-stubmock02Tests.xctest */ = {isa = PBXFileReference; explicitFileType = wrapper.cfbundle; includeInIndex = 0; path = "MiniApp113-SwiftUI-stubmock02Tests.xctest"; sourceTree = BUILT_PRODUCTS_DIR; };
		878F47FF29341AE900269F84 /* MiniApp113_SwiftUI_stubmock02Tests.swift */ = {isa = PBXFileReference; lastKnownFileType = sourcecode.swift; path = MiniApp113_SwiftUI_stubmock02Tests.swift; sourceTree = "<group>"; };
		878F480529341AE900269F84 /* MiniApp113-SwiftUI-stubmock02UITests.xctest */ = {isa = PBXFileReference; explicitFileType = wrapper.cfbundle; includeInIndex = 0; path = "MiniApp113-SwiftUI-stubmock02UITests.xctest"; sourceTree = BUILT_PRODUCTS_DIR; };
		878F480929341AE900269F84 /* MiniApp113_SwiftUI_stubmock02UITests.swift */ = {isa = PBXFileReference; lastKnownFileType = sourcecode.swift; path = MiniApp113_SwiftUI_stubmock02UITests.swift; sourceTree = "<group>"; };
		878F480B29341AE900269F84 /* MiniApp113_SwiftUI_stubmock02UITestsLaunchTests.swift */ = {isa = PBXFileReference; lastKnownFileType = sourcecode.swift; path = MiniApp113_SwiftUI_stubmock02UITestsLaunchTests.swift; sourceTree = "<group>"; };
		878F481B29341CE000269F84 /* APIError.swift */ = {isa = PBXFileReference; lastKnownFileType = sourcecode.swift; path = APIError.swift; sourceTree = "<group>"; };
		878F481D29341DE300269F84 /* ArticleListAPIClientProtocol.swift */ = {isa = PBXFileReference; lastKnownFileType = sourcecode.swift; path = ArticleListAPIClientProtocol.swift; sourceTree = "<group>"; };
		878F482129341E9600269F84 /* ArticleListAPIClient.swift */ = {isa = PBXFileReference; lastKnownFileType = sourcecode.swift; path = ArticleListAPIClient.swift; sourceTree = "<group>"; };
		878F482529341FEF00269F84 /* ArticleViewModel.swift */ = {isa = PBXFileReference; lastKnownFileType = sourcecode.swift; path = ArticleViewModel.swift; sourceTree = "<group>"; };
		878F48292934284B00269F84 /* MockArticleFetcher.swift */ = {isa = PBXFileReference; lastKnownFileType = sourcecode.swift; path = MockArticleFetcher.swift; sourceTree = "<group>"; };
/* End PBXFileReference section */

/* Begin PBXFrameworksBuildPhase section */
		878F47E829341AE800269F84 /* Frameworks */ = {
			isa = PBXFrameworksBuildPhase;
			buildActionMask = 2147483647;
			files = (
			);
			runOnlyForDeploymentPostprocessing = 0;
		};
		878F47F829341AE900269F84 /* Frameworks */ = {
			isa = PBXFrameworksBuildPhase;
			buildActionMask = 2147483647;
			files = (
			);
			runOnlyForDeploymentPostprocessing = 0;
		};
		878F480229341AE900269F84 /* Frameworks */ = {
			isa = PBXFrameworksBuildPhase;
			buildActionMask = 2147483647;
			files = (
			);
			runOnlyForDeploymentPostprocessing = 0;
		};
/* End PBXFrameworksBuildPhase section */

/* Begin PBXGroup section */
		878F47E229341AE800269F84 = {
			isa = PBXGroup;
			children = (
				878F47ED29341AE800269F84 /* MiniApp113-SwiftUI-stubmock02 */,
				878F47FE29341AE900269F84 /* MiniApp113-SwiftUI-stubmock02Tests */,
				878F480829341AE900269F84 /* MiniApp113-SwiftUI-stubmock02UITests */,
				878F47EC29341AE800269F84 /* Products */,
			);
			sourceTree = "<group>";
		};
		878F47EC29341AE800269F84 /* Products */ = {
			isa = PBXGroup;
			children = (
				878F47EB29341AE800269F84 /* MiniApp113-SwiftUI-stubmock02.app */,
				878F47FB29341AE900269F84 /* MiniApp113-SwiftUI-stubmock02Tests.xctest */,
				878F480529341AE900269F84 /* MiniApp113-SwiftUI-stubmock02UITests.xctest */,
			);
			name = Products;
			sourceTree = "<group>";
		};
		878F47ED29341AE800269F84 /* MiniApp113-SwiftUI-stubmock02 */ = {
			isa = PBXGroup;
			children = (
				878F481A29341C2300269F84 /* Model */,
				878F481929341C1D00269F84 /* View */,
				878F481829341C1300269F84 /* ViewModel */,
				878F47EE29341AE800269F84 /* MiniApp113_SwiftUI_stubmock02App.swift */,
				878F47F229341AE900269F84 /* Assets.xcassets */,
				878F47F429341AE900269F84 /* Preview Content */,
			);
			path = "MiniApp113-SwiftUI-stubmock02";
			sourceTree = "<group>";
		};
		878F47F429341AE900269F84 /* Preview Content */ = {
			isa = PBXGroup;
			children = (
				878F47F529341AE900269F84 /* Preview Assets.xcassets */,
			);
			path = "Preview Content";
			sourceTree = "<group>";
		};
		878F47FE29341AE900269F84 /* MiniApp113-SwiftUI-stubmock02Tests */ = {
			isa = PBXGroup;
			children = (
				878F47FF29341AE900269F84 /* MiniApp113_SwiftUI_stubmock02Tests.swift */,
				878F48292934284B00269F84 /* MockArticleFetcher.swift */,
			);
			path = "MiniApp113-SwiftUI-stubmock02Tests";
			sourceTree = "<group>";
		};
		878F480829341AE900269F84 /* MiniApp113-SwiftUI-stubmock02UITests */ = {
			isa = PBXGroup;
			children = (
				878F480929341AE900269F84 /* MiniApp113_SwiftUI_stubmock02UITests.swift */,
				878F480B29341AE900269F84 /* MiniApp113_SwiftUI_stubmock02UITestsLaunchTests.swift */,
			);
			path = "MiniApp113-SwiftUI-stubmock02UITests";
			sourceTree = "<group>";
		};
		878F481829341C1300269F84 /* ViewModel */ = {
			isa = PBXGroup;
			children = (
				878F482529341FEF00269F84 /* ArticleViewModel.swift */,
			);
			path = ViewModel;
			sourceTree = "<group>";
		};
		878F481929341C1D00269F84 /* View */ = {
			isa = PBXGroup;
			children = (
				878F47F029341AE800269F84 /* ArticleView.swift */,
			);
			path = View;
			sourceTree = "<group>";
		};
		878F481A29341C2300269F84 /* Model */ = {
			isa = PBXGroup;
			children = (
				878F481B29341CE000269F84 /* APIError.swift */,
				878F481D29341DE300269F84 /* ArticleListAPIClientProtocol.swift */,
				878F482129341E9600269F84 /* ArticleListAPIClient.swift */,
			);
			path = Model;
			sourceTree = "<group>";
		};
/* End PBXGroup section */

/* Begin PBXNativeTarget section */
		878F47EA29341AE800269F84 /* MiniApp113-SwiftUI-stubmock02 */ = {
			isa = PBXNativeTarget;
			buildConfigurationList = 878F480F29341AE900269F84 /* Build configuration list for PBXNativeTarget "MiniApp113-SwiftUI-stubmock02" */;
			buildPhases = (
				878F47E729341AE800269F84 /* Sources */,
				878F47E829341AE800269F84 /* Frameworks */,
				878F47E929341AE800269F84 /* Resources */,
			);
			buildRules = (
			);
			dependencies = (
			);
			name = "MiniApp113-SwiftUI-stubmock02";
			productName = "MiniApp113-SwiftUI-stubmock02";
			productReference = 878F47EB29341AE800269F84 /* MiniApp113-SwiftUI-stubmock02.app */;
			productType = "com.apple.product-type.application";
		};
		878F47FA29341AE900269F84 /* MiniApp113-SwiftUI-stubmock02Tests */ = {
			isa = PBXNativeTarget;
			buildConfigurationList = 878F481229341AE900269F84 /* Build configuration list for PBXNativeTarget "MiniApp113-SwiftUI-stubmock02Tests" */;
			buildPhases = (
				878F47F729341AE900269F84 /* Sources */,
				878F47F829341AE900269F84 /* Frameworks */,
				878F47F929341AE900269F84 /* Resources */,
			);
			buildRules = (
			);
			dependencies = (
				878F47FD29341AE900269F84 /* PBXTargetDependency */,
			);
			name = "MiniApp113-SwiftUI-stubmock02Tests";
			productName = "MiniApp113-SwiftUI-stubmock02Tests";
			productReference = 878F47FB29341AE900269F84 /* MiniApp113-SwiftUI-stubmock02Tests.xctest */;
			productType = "com.apple.product-type.bundle.unit-test";
		};
		878F480429341AE900269F84 /* MiniApp113-SwiftUI-stubmock02UITests */ = {
			isa = PBXNativeTarget;
			buildConfigurationList = 878F481529341AE900269F84 /* Build configuration list for PBXNativeTarget "MiniApp113-SwiftUI-stubmock02UITests" */;
			buildPhases = (
				878F480129341AE900269F84 /* Sources */,
				878F480229341AE900269F84 /* Frameworks */,
				878F480329341AE900269F84 /* Resources */,
			);
			buildRules = (
			);
			dependencies = (
				878F480729341AE900269F84 /* PBXTargetDependency */,
			);
			name = "MiniApp113-SwiftUI-stubmock02UITests";
			productName = "MiniApp113-SwiftUI-stubmock02UITests";
			productReference = 878F480529341AE900269F84 /* MiniApp113-SwiftUI-stubmock02UITests.xctest */;
			productType = "com.apple.product-type.bundle.ui-testing";
		};
/* End PBXNativeTarget section */

/* Begin PBXProject section */
		878F47E329341AE800269F84 /* Project object */ = {
			isa = PBXProject;
			attributes = {
				BuildIndependentTargetsInParallel = 1;
				LastSwiftUpdateCheck = 1410;
				LastUpgradeCheck = 1410;
				TargetAttributes = {
					878F47EA29341AE800269F84 = {
						CreatedOnToolsVersion = 14.1;
					};
					878F47FA29341AE900269F84 = {
						CreatedOnToolsVersion = 14.1;
						TestTargetID = 878F47EA29341AE800269F84;
					};
					878F480429341AE900269F84 = {
						CreatedOnToolsVersion = 14.1;
						TestTargetID = 878F47EA29341AE800269F84;
					};
				};
			};
			buildConfigurationList = 878F47E629341AE800269F84 /* Build configuration list for PBXProject "MiniApp113-SwiftUI-stubmock02" */;
			compatibilityVersion = "Xcode 14.0";
			developmentRegion = en;
			hasScannedForEncodings = 0;
			knownRegions = (
				en,
				Base,
			);
			mainGroup = 878F47E229341AE800269F84;
			productRefGroup = 878F47EC29341AE800269F84 /* Products */;
			projectDirPath = "";
			projectRoot = "";
			targets = (
				878F47EA29341AE800269F84 /* MiniApp113-SwiftUI-stubmock02 */,
				878F47FA29341AE900269F84 /* MiniApp113-SwiftUI-stubmock02Tests */,
				878F480429341AE900269F84 /* MiniApp113-SwiftUI-stubmock02UITests */,
			);
		};
/* End PBXProject section */

/* Begin PBXResourcesBuildPhase section */
		878F47E929341AE800269F84 /* Resources */ = {
			isa = PBXResourcesBuildPhase;
			buildActionMask = 2147483647;
			files = (
				878F47F629341AE900269F84 /* Preview Assets.xcassets in Resources */,
				878F47F329341AE900269F84 /* Assets.xcassets in Resources */,
			);
			runOnlyForDeploymentPostprocessing = 0;
		};
		878F47F929341AE900269F84 /* Resources */ = {
			isa = PBXResourcesBuildPhase;
			buildActionMask = 2147483647;
			files = (
			);
			runOnlyForDeploymentPostprocessing = 0;
		};
		878F480329341AE900269F84 /* Resources */ = {
			isa = PBXResourcesBuildPhase;
			buildActionMask = 2147483647;
			files = (
			);
			runOnlyForDeploymentPostprocessing = 0;
		};
/* End PBXResourcesBuildPhase section */

/* Begin PBXSourcesBuildPhase section */
		878F47E729341AE800269F84 /* Sources */ = {
			isa = PBXSourcesBuildPhase;
			buildActionMask = 2147483647;
			files = (
				878F481E29341DE300269F84 /* ArticleListAPIClientProtocol.swift in Sources */,
				878F47F129341AE800269F84 /* ArticleView.swift in Sources */,
				878F482229341E9600269F84 /* ArticleListAPIClient.swift in Sources */,
				878F482629341FEF00269F84 /* ArticleViewModel.swift in Sources */,
				878F482A2934284B00269F84 /* MockArticleFetcher.swift in Sources */,
				878F47EF29341AE800269F84 /* MiniApp113_SwiftUI_stubmock02App.swift in Sources */,
				878F481C29341CE000269F84 /* APIError.swift in Sources */,
			);
			runOnlyForDeploymentPostprocessing = 0;
		};
		878F47F729341AE900269F84 /* Sources */ = {
			isa = PBXSourcesBuildPhase;
			buildActionMask = 2147483647;
			files = (
				878F482B2934284B00269F84 /* MockArticleFetcher.swift in Sources */,
				878F482D29342F6300269F84 /* ArticleView.swift in Sources */,
				878F481F29341DE300269F84 /* ArticleListAPIClientProtocol.swift in Sources */,
				878F482729341FEF00269F84 /* ArticleViewModel.swift in Sources */,
				878F482329341E9600269F84 /* ArticleListAPIClient.swift in Sources */,
				878F480029341AE900269F84 /* MiniApp113_SwiftUI_stubmock02Tests.swift in Sources */,
				878F482F29342F7100269F84 /* APIError.swift in Sources */,
			);
			runOnlyForDeploymentPostprocessing = 0;
		};
		878F480129341AE900269F84 /* Sources */ = {
			isa = PBXSourcesBuildPhase;
			buildActionMask = 2147483647;
			files = (
				878F482029341DE300269F84 /* ArticleListAPIClientProtocol.swift in Sources */,
				878F480A29341AE900269F84 /* MiniApp113_SwiftUI_stubmock02UITests.swift in Sources */,
				878F482C2934284B00269F84 /* MockArticleFetcher.swift in Sources */,
				878F482429341E9600269F84 /* ArticleListAPIClient.swift in Sources */,
				878F482829341FEF00269F84 /* ArticleViewModel.swift in Sources */,
				878F483029342F7100269F84 /* APIError.swift in Sources */,
				878F482E29342F6400269F84 /* ArticleView.swift in Sources */,
				878F480C29341AE900269F84 /* MiniApp113_SwiftUI_stubmock02UITestsLaunchTests.swift in Sources */,
			);
			runOnlyForDeploymentPostprocessing = 0;
		};
/* End PBXSourcesBuildPhase section */

/* Begin PBXTargetDependency section */
		878F47FD29341AE900269F84 /* PBXTargetDependency */ = {
			isa = PBXTargetDependency;
			target = 878F47EA29341AE800269F84 /* MiniApp113-SwiftUI-stubmock02 */;
			targetProxy = 878F47FC29341AE900269F84 /* PBXContainerItemProxy */;
		};
		878F480729341AE900269F84 /* PBXTargetDependency */ = {
			isa = PBXTargetDependency;
			target = 878F47EA29341AE800269F84 /* MiniApp113-SwiftUI-stubmock02 */;
			targetProxy = 878F480629341AE900269F84 /* PBXContainerItemProxy */;
		};
/* End PBXTargetDependency section */

/* Begin XCBuildConfiguration section */
		878F480D29341AE900269F84 /* Debug */ = {
			isa = XCBuildConfiguration;
			buildSettings = {
				ALWAYS_SEARCH_USER_PATHS = NO;
				CLANG_ANALYZER_NONNULL = YES;
				CLANG_ANALYZER_NUMBER_OBJECT_CONVERSION = YES_AGGRESSIVE;
				CLANG_CXX_LANGUAGE_STANDARD = "gnu++20";
				CLANG_ENABLE_MODULES = YES;
				CLANG_ENABLE_OBJC_ARC = YES;
				CLANG_ENABLE_OBJC_WEAK = YES;
				CLANG_WARN_BLOCK_CAPTURE_AUTORELEASING = YES;
				CLANG_WARN_BOOL_CONVERSION = YES;
				CLANG_WARN_COMMA = YES;
				CLANG_WARN_CONSTANT_CONVERSION = YES;
				CLANG_WARN_DEPRECATED_OBJC_IMPLEMENTATIONS = YES;
				CLANG_WARN_DIRECT_OBJC_ISA_USAGE = YES_ERROR;
				CLANG_WARN_DOCUMENTATION_COMMENTS = YES;
				CLANG_WARN_EMPTY_BODY = YES;
				CLANG_WARN_ENUM_CONVERSION = YES;
				CLANG_WARN_INFINITE_RECURSION = YES;
				CLANG_WARN_INT_CONVERSION = YES;
				CLANG_WARN_NON_LITERAL_NULL_CONVERSION = YES;
				CLANG_WARN_OBJC_IMPLICIT_RETAIN_SELF = YES;
				CLANG_WARN_OBJC_LITERAL_CONVERSION = YES;
				CLANG_WARN_OBJC_ROOT_CLASS = YES_ERROR;
				CLANG_WARN_QUOTED_INCLUDE_IN_FRAMEWORK_HEADER = YES;
				CLANG_WARN_RANGE_LOOP_ANALYSIS = YES;
				CLANG_WARN_STRICT_PROTOTYPES = YES;
				CLANG_WARN_SUSPICIOUS_MOVE = YES;
				CLANG_WARN_UNGUARDED_AVAILABILITY = YES_AGGRESSIVE;
				CLANG_WARN_UNREACHABLE_CODE = YES;
				CLANG_WARN__DUPLICATE_METHOD_MATCH = YES;
				COPY_PHASE_STRIP = NO;
				DEBUG_INFORMATION_FORMAT = dwarf;
				ENABLE_STRICT_OBJC_MSGSEND = YES;
				ENABLE_TESTABILITY = YES;
				GCC_C_LANGUAGE_STANDARD = gnu11;
				GCC_DYNAMIC_NO_PIC = NO;
				GCC_NO_COMMON_BLOCKS = YES;
				GCC_OPTIMIZATION_LEVEL = 0;
				GCC_PREPROCESSOR_DEFINITIONS = (
					"DEBUG=1",
					"$(inherited)",
				);
				GCC_WARN_64_TO_32_BIT_CONVERSION = YES;
				GCC_WARN_ABOUT_RETURN_TYPE = YES_ERROR;
				GCC_WARN_UNDECLARED_SELECTOR = YES;
				GCC_WARN_UNINITIALIZED_AUTOS = YES_AGGRESSIVE;
				GCC_WARN_UNUSED_FUNCTION = YES;
				GCC_WARN_UNUSED_VARIABLE = YES;
				IPHONEOS_DEPLOYMENT_TARGET = 16.1;
				MTL_ENABLE_DEBUG_INFO = INCLUDE_SOURCE;
				MTL_FAST_MATH = YES;
				ONLY_ACTIVE_ARCH = YES;
				SDKROOT = iphoneos;
				SWIFT_ACTIVE_COMPILATION_CONDITIONS = DEBUG;
				SWIFT_OPTIMIZATION_LEVEL = "-Onone";
			};
			name = Debug;
		};
		878F480E29341AE900269F84 /* Release */ = {
			isa = XCBuildConfiguration;
			buildSettings = {
				ALWAYS_SEARCH_USER_PATHS = NO;
				CLANG_ANALYZER_NONNULL = YES;
				CLANG_ANALYZER_NUMBER_OBJECT_CONVERSION = YES_AGGRESSIVE;
				CLANG_CXX_LANGUAGE_STANDARD = "gnu++20";
				CLANG_ENABLE_MODULES = YES;
				CLANG_ENABLE_OBJC_ARC = YES;
				CLANG_ENABLE_OBJC_WEAK = YES;
				CLANG_WARN_BLOCK_CAPTURE_AUTORELEASING = YES;
				CLANG_WARN_BOOL_CONVERSION = YES;
				CLANG_WARN_COMMA = YES;
				CLANG_WARN_CONSTANT_CONVERSION = YES;
				CLANG_WARN_DEPRECATED_OBJC_IMPLEMENTATIONS = YES;
				CLANG_WARN_DIRECT_OBJC_ISA_USAGE = YES_ERROR;
				CLANG_WARN_DOCUMENTATION_COMMENTS = YES;
				CLANG_WARN_EMPTY_BODY = YES;
				CLANG_WARN_ENUM_CONVERSION = YES;
				CLANG_WARN_INFINITE_RECURSION = YES;
				CLANG_WARN_INT_CONVERSION = YES;
				CLANG_WARN_NON_LITERAL_NULL_CONVERSION = YES;
				CLANG_WARN_OBJC_IMPLICIT_RETAIN_SELF = YES;
				CLANG_WARN_OBJC_LITERAL_CONVERSION = YES;
				CLANG_WARN_OBJC_ROOT_CLASS = YES_ERROR;
				CLANG_WARN_QUOTED_INCLUDE_IN_FRAMEWORK_HEADER = YES;
				CLANG_WARN_RANGE_LOOP_ANALYSIS = YES;
				CLANG_WARN_STRICT_PROTOTYPES = YES;
				CLANG_WARN_SUSPICIOUS_MOVE = YES;
				CLANG_WARN_UNGUARDED_AVAILABILITY = YES_AGGRESSIVE;
				CLANG_WARN_UNREACHABLE_CODE = YES;
				CLANG_WARN__DUPLICATE_METHOD_MATCH = YES;
				COPY_PHASE_STRIP = NO;
				DEBUG_INFORMATION_FORMAT = "dwarf-with-dsym";
				ENABLE_NS_ASSERTIONS = NO;
				ENABLE_STRICT_OBJC_MSGSEND = YES;
				GCC_C_LANGUAGE_STANDARD = gnu11;
				GCC_NO_COMMON_BLOCKS = YES;
				GCC_WARN_64_TO_32_BIT_CONVERSION = YES;
				GCC_WARN_ABOUT_RETURN_TYPE = YES_ERROR;
				GCC_WARN_UNDECLARED_SELECTOR = YES;
				GCC_WARN_UNINITIALIZED_AUTOS = YES_AGGRESSIVE;
				GCC_WARN_UNUSED_FUNCTION = YES;
				GCC_WARN_UNUSED_VARIABLE = YES;
				IPHONEOS_DEPLOYMENT_TARGET = 16.1;
				MTL_ENABLE_DEBUG_INFO = NO;
				MTL_FAST_MATH = YES;
				SDKROOT = iphoneos;
				SWIFT_COMPILATION_MODE = wholemodule;
				SWIFT_OPTIMIZATION_LEVEL = "-O";
				VALIDATE_PRODUCT = YES;
			};
			name = Release;
		};
		878F481029341AE900269F84 /* Debug */ = {
			isa = XCBuildConfiguration;
			buildSettings = {
				ASSETCATALOG_COMPILER_APPICON_NAME = AppIcon;
				ASSETCATALOG_COMPILER_GLOBAL_ACCENT_COLOR_NAME = AccentColor;
				CODE_SIGN_STYLE = Automatic;
				CURRENT_PROJECT_VERSION = 1;
				DEVELOPMENT_ASSET_PATHS = "\"MiniApp113-SwiftUI-stubmock02/Preview Content\"";
				DEVELOPMENT_TEAM = 558ZJSQN67;
				ENABLE_PREVIEWS = YES;
				GENERATE_INFOPLIST_FILE = YES;
				INFOPLIST_KEY_UIApplicationSceneManifest_Generation = YES;
				INFOPLIST_KEY_UIApplicationSupportsIndirectInputEvents = YES;
				INFOPLIST_KEY_UILaunchScreen_Generation = YES;
				INFOPLIST_KEY_UISupportedInterfaceOrientations_iPad = "UIInterfaceOrientationPortrait UIInterfaceOrientationPortraitUpsideDown UIInterfaceOrientationLandscapeLeft UIInterfaceOrientationLandscapeRight";
				INFOPLIST_KEY_UISupportedInterfaceOrientations_iPhone = "UIInterfaceOrientationPortrait UIInterfaceOrientationLandscapeLeft UIInterfaceOrientationLandscapeRight";
				LD_RUNPATH_SEARCH_PATHS = (
					"$(inherited)",
					"@executable_path/Frameworks",
				);
				MARKETING_VERSION = 1.0;
				PRODUCT_BUNDLE_IDENTIFIER = "org.tetoblog.MiniApp113-SwiftUI-stubmock02";
				PRODUCT_NAME = "$(TARGET_NAME)";
				SWIFT_EMIT_LOC_STRINGS = YES;
				SWIFT_VERSION = 5.0;
				TARGETED_DEVICE_FAMILY = "1,2";
			};
			name = Debug;
		};
		878F481129341AE900269F84 /* Release */ = {
			isa = XCBuildConfiguration;
			buildSettings = {
				ASSETCATALOG_COMPILER_APPICON_NAME = AppIcon;
				ASSETCATALOG_COMPILER_GLOBAL_ACCENT_COLOR_NAME = AccentColor;
				CODE_SIGN_STYLE = Automatic;
				CURRENT_PROJECT_VERSION = 1;
				DEVELOPMENT_ASSET_PATHS = "\"MiniApp113-SwiftUI-stubmock02/Preview Content\"";
				DEVELOPMENT_TEAM = 558ZJSQN67;
				ENABLE_PREVIEWS = YES;
				GENERATE_INFOPLIST_FILE = YES;
				INFOPLIST_KEY_UIApplicationSceneManifest_Generation = YES;
				INFOPLIST_KEY_UIApplicationSupportsIndirectInputEvents = YES;
				INFOPLIST_KEY_UILaunchScreen_Generation = YES;
				INFOPLIST_KEY_UISupportedInterfaceOrientations_iPad = "UIInterfaceOrientationPortrait UIInterfaceOrientationPortraitUpsideDown UIInterfaceOrientationLandscapeLeft UIInterfaceOrientationLandscapeRight";
				INFOPLIST_KEY_UISupportedInterfaceOrientations_iPhone = "UIInterfaceOrientationPortrait UIInterfaceOrientationLandscapeLeft UIInterfaceOrientationLandscapeRight";
				LD_RUNPATH_SEARCH_PATHS = (
					"$(inherited)",
					"@executable_path/Frameworks",
				);
				MARKETING_VERSION = 1.0;
				PRODUCT_BUNDLE_IDENTIFIER = "org.tetoblog.MiniApp113-SwiftUI-stubmock02";
				PRODUCT_NAME = "$(TARGET_NAME)";
				SWIFT_EMIT_LOC_STRINGS = YES;
				SWIFT_VERSION = 5.0;
				TARGETED_DEVICE_FAMILY = "1,2";
			};
			name = Release;
		};
		878F481329341AE900269F84 /* Debug */ = {
			isa = XCBuildConfiguration;
			buildSettings = {
				ALWAYS_EMBED_SWIFT_STANDARD_LIBRARIES = YES;
				BUNDLE_LOADER = "$(TEST_HOST)";
				CODE_SIGN_STYLE = Automatic;
				CURRENT_PROJECT_VERSION = 1;
				DEVELOPMENT_TEAM = 558ZJSQN67;
				GENERATE_INFOPLIST_FILE = YES;
				IPHONEOS_DEPLOYMENT_TARGET = 16.1;
				MARKETING_VERSION = 1.0;
				PRODUCT_BUNDLE_IDENTIFIER = "org.tetoblog.MiniApp113-SwiftUI-stubmock02Tests";
				PRODUCT_NAME = "$(TARGET_NAME)";
				SWIFT_EMIT_LOC_STRINGS = NO;
				SWIFT_VERSION = 5.0;
				TARGETED_DEVICE_FAMILY = "1,2";
				TEST_HOST = "$(BUILT_PRODUCTS_DIR)/MiniApp113-SwiftUI-stubmock02.app/$(BUNDLE_EXECUTABLE_FOLDER_PATH)/MiniApp113-SwiftUI-stubmock02";
			};
			name = Debug;
		};
		878F481429341AE900269F84 /* Release */ = {
			isa = XCBuildConfiguration;
			buildSettings = {
				ALWAYS_EMBED_SWIFT_STANDARD_LIBRARIES = YES;
				BUNDLE_LOADER = "$(TEST_HOST)";
				CODE_SIGN_STYLE = Automatic;
				CURRENT_PROJECT_VERSION = 1;
				DEVELOPMENT_TEAM = 558ZJSQN67;
				GENERATE_INFOPLIST_FILE = YES;
				IPHONEOS_DEPLOYMENT_TARGET = 16.1;
				MARKETING_VERSION = 1.0;
				PRODUCT_BUNDLE_IDENTIFIER = "org.tetoblog.MiniApp113-SwiftUI-stubmock02Tests";
				PRODUCT_NAME = "$(TARGET_NAME)";
				SWIFT_EMIT_LOC_STRINGS = NO;
				SWIFT_VERSION = 5.0;
				TARGETED_DEVICE_FAMILY = "1,2";
				TEST_HOST = "$(BUILT_PRODUCTS_DIR)/MiniApp113-SwiftUI-stubmock02.app/$(BUNDLE_EXECUTABLE_FOLDER_PATH)/MiniApp113-SwiftUI-stubmock02";
			};
			name = Release;
		};
		878F481629341AE900269F84 /* Debug */ = {
			isa = XCBuildConfiguration;
			buildSettings = {
				ALWAYS_EMBED_SWIFT_STANDARD_LIBRARIES = YES;
				CODE_SIGN_STYLE = Automatic;
				CURRENT_PROJECT_VERSION = 1;
				DEVELOPMENT_TEAM = 558ZJSQN67;
				GENERATE_INFOPLIST_FILE = YES;
				MARKETING_VERSION = 1.0;
				PRODUCT_BUNDLE_IDENTIFIER = "org.tetoblog.MiniApp113-SwiftUI-stubmock02UITests";
				PRODUCT_NAME = "$(TARGET_NAME)";
				SWIFT_EMIT_LOC_STRINGS = NO;
				SWIFT_VERSION = 5.0;
				TARGETED_DEVICE_FAMILY = "1,2";
				TEST_TARGET_NAME = "MiniApp113-SwiftUI-stubmock02";
			};
			name = Debug;
		};
		878F481729341AE900269F84 /* Release */ = {
			isa = XCBuildConfiguration;
			buildSettings = {
				ALWAYS_EMBED_SWIFT_STANDARD_LIBRARIES = YES;
				CODE_SIGN_STYLE = Automatic;
				CURRENT_PROJECT_VERSION = 1;
				DEVELOPMENT_TEAM = 558ZJSQN67;
				GENERATE_INFOPLIST_FILE = YES;
				MARKETING_VERSION = 1.0;
				PRODUCT_BUNDLE_IDENTIFIER = "org.tetoblog.MiniApp113-SwiftUI-stubmock02UITests";
				PRODUCT_NAME = "$(TARGET_NAME)";
				SWIFT_EMIT_LOC_STRINGS = NO;
				SWIFT_VERSION = 5.0;
				TARGETED_DEVICE_FAMILY = "1,2";
				TEST_TARGET_NAME = "MiniApp113-SwiftUI-stubmock02";
			};
			name = Release;
		};
/* End XCBuildConfiguration section */

/* Begin XCConfigurationList section */
		878F47E629341AE800269F84 /* Build configuration list for PBXProject "MiniApp113-SwiftUI-stubmock02" */ = {
			isa = XCConfigurationList;
			buildConfigurations = (
				878F480D29341AE900269F84 /* Debug */,
				878F480E29341AE900269F84 /* Release */,
			);
			defaultConfigurationIsVisible = 0;
			defaultConfigurationName = Release;
		};
		878F480F29341AE900269F84 /* Build configuration list for PBXNativeTarget "MiniApp113-SwiftUI-stubmock02" */ = {
			isa = XCConfigurationList;
			buildConfigurations = (
				878F481029341AE900269F84 /* Debug */,
				878F481129341AE900269F84 /* Release */,
			);
			defaultConfigurationIsVisible = 0;
			defaultConfigurationName = Release;
		};
		878F481229341AE900269F84 /* Build configuration list for PBXNativeTarget "MiniApp113-SwiftUI-stubmock02Tests" */ = {
			isa = XCConfigurationList;
			buildConfigurations = (
				878F481329341AE900269F84 /* Debug */,
				878F481429341AE900269F84 /* Release */,
			);
			defaultConfigurationIsVisible = 0;
			defaultConfigurationName = Release;
		};
		878F481529341AE900269F84 /* Build configuration list for PBXNativeTarget "MiniApp113-SwiftUI-stubmock02UITests" */ = {
			isa = XCConfigurationList;
			buildConfigurations = (
				878F481629341AE900269F84 /* Debug */,
				878F481729341AE900269F84 /* Release */,
			);
			defaultConfigurationIsVisible = 0;
			defaultConfigurationName = Release;
		};
/* End XCConfigurationList section */
	};
	rootObject = 878F47E329341AE800269F84 /* Project object */;
}
